<?xml version="1.0" encoding="UTF-8" standalone="yes" ?>
<CodeBlocks_project_file>
   <FileVersion major="1" minor="6" />
   <Project>
      <Option title="UrlChecker" />
      <Option makefile_is_custom="1" />
      <Option compiler="gcc" />
      <Option virtualFolders="CMake Files\;" />
      <Build>
      <Target title="all">
         <Option working_dir="/home/sap/QT Project/UrlChecker/build-UrlChecker-Desktop-Debug" />
         <Option type="4" />
         <MakeCommands>
            <Build command="/usr/bin/make -f &quot;/home/sap/QT\ Project/UrlChecker/build-UrlChecker-Desktop-Debug/Makefile&quot;  VERBOSE=1 all" />
            <CompileFile command="/usr/bin/make -f &quot;/home/sap/QT\ Project/UrlChecker/build-UrlChecker-Desktop-Debug/Makefile&quot;  VERBOSE=1 &quot;$file&quot;" />
            <Clean command="/usr/bin/make -f &quot;/home/sap/QT\ Project/UrlChecker/build-UrlChecker-Desktop-Debug/Makefile&quot;  VERBOSE=1 clean" />
            <DistClean command="/usr/bin/make -f &quot;/home/sap/QT\ Project/UrlChecker/build-UrlChecker-Desktop-Debug/Makefile&quot;  VERBOSE=1 clean" />
         </MakeCommands>
      </Target>
      <Target title="edit_cache">
         <Option working_dir="/home/sap/QT Project/UrlChecker/build-UrlChecker-Desktop-Debug" />
         <Option type="4" />
         <MakeCommands>
            <Build command="/usr/bin/make -f &quot;/home/sap/QT\ Project/UrlChecker/build-UrlChecker-Desktop-Debug/Makefile&quot;  VERBOSE=1 edit_cache" />
            <CompileFile command="/usr/bin/make -f &quot;/home/sap/QT\ Project/UrlChecker/build-UrlChecker-Desktop-Debug/Makefile&quot;  VERBOSE=1 &quot;$file&quot;" />
            <Clean command="/usr/bin/make -f &quot;/home/sap/QT\ Project/UrlChecker/build-UrlChecker-Desktop-Debug/Makefile&quot;  VERBOSE=1 clean" />
            <DistClean command="/usr/bin/make -f &quot;/home/sap/QT\ Project/UrlChecker/build-UrlChecker-Desktop-Debug/Makefile&quot;  VERBOSE=1 clean" />
         </MakeCommands>
      </Target>
      <Target title="rebuild_cache">
         <Option working_dir="/home/sap/QT Project/UrlChecker/build-UrlChecker-Desktop-Debug" />
         <Option type="4" />
         <MakeCommands>
            <Build command="/usr/bin/make -f &quot;/home/sap/QT\ Project/UrlChecker/build-UrlChecker-Desktop-Debug/Makefile&quot;  VERBOSE=1 rebuild_cache" />
            <CompileFile command="/usr/bin/make -f &quot;/home/sap/QT\ Project/UrlChecker/build-UrlChecker-Desktop-Debug/Makefile&quot;  VERBOSE=1 &quot;$file&quot;" />
            <Clean command="/usr/bin/make -f &quot;/home/sap/QT\ Project/UrlChecker/build-UrlChecker-Desktop-Debug/Makefile&quot;  VERBOSE=1 clean" />
            <DistClean command="/usr/bin/make -f &quot;/home/sap/QT\ Project/UrlChecker/build-UrlChecker-Desktop-Debug/Makefile&quot;  VERBOSE=1 clean" />
         </MakeCommands>
      </Target>
      <Target title="UrlChecker">
         <Option output="/home/sap/QT Project/UrlChecker/build-UrlChecker-Desktop-Debug/UrlChecker" prefix_auto="0" extension_auto="0" />
         <Option working_dir="/home/sap/QT Project/UrlChecker/build-UrlChecker-Desktop-Debug" />
         <Option object_output="./" />
         <Option type="1" />
         <Option compiler="gcc" />
         <Compiler>
            <Add directory="/home/sap/QT Project/UrlChecker/UrlChecker/headers" />
            <Add directory="/usr/include" />
            <Add directory="/usr/include/c++/5" />
            <Add directory="/usr/include/c++/5/backward" />
            <Add directory="/usr/include/x86_64-linux-gnu" />
            <Add directory="/usr/include/x86_64-linux-gnu/c++/5" />
            <Add directory="/usr/lib/gcc/x86_64-linux-gnu/5/include" />
            <Add directory="/usr/lib/gcc/x86_64-linux-gnu/5/include-fixed" />
            <Add directory="/usr/local/include" />
         </Compiler>
         <MakeCommands>
            <Build command="/usr/bin/make -f &quot;/home/sap/QT\ Project/UrlChecker/build-UrlChecker-Desktop-Debug/Makefile&quot;  VERBOSE=1 UrlChecker" />
            <CompileFile command="/usr/bin/make -f &quot;/home/sap/QT\ Project/UrlChecker/build-UrlChecker-Desktop-Debug/Makefile&quot;  VERBOSE=1 &quot;$file&quot;" />
            <Clean command="/usr/bin/make -f &quot;/home/sap/QT\ Project/UrlChecker/build-UrlChecker-Desktop-Debug/Makefile&quot;  VERBOSE=1 clean" />
            <DistClean command="/usr/bin/make -f &quot;/home/sap/QT\ Project/UrlChecker/build-UrlChecker-Desktop-Debug/Makefile&quot;  VERBOSE=1 clean" />
         </MakeCommands>
      </Target>
      <Target title="UrlChecker/fast">
         <Option output="/home/sap/QT Project/UrlChecker/build-UrlChecker-Desktop-Debug/UrlChecker" prefix_auto="0" extension_auto="0" />
         <Option working_dir="/home/sap/QT Project/UrlChecker/build-UrlChecker-Desktop-Debug" />
         <Option object_output="./" />
         <Option type="1" />
         <Option compiler="gcc" />
         <Compiler>
            <Add directory="/home/sap/QT Project/UrlChecker/UrlChecker/headers" />
            <Add directory="/usr/include" />
            <Add directory="/usr/include/c++/5" />
            <Add directory="/usr/include/c++/5/backward" />
            <Add directory="/usr/include/x86_64-linux-gnu" />
            <Add directory="/usr/include/x86_64-linux-gnu/c++/5" />
            <Add directory="/usr/lib/gcc/x86_64-linux-gnu/5/include" />
            <Add directory="/usr/lib/gcc/x86_64-linux-gnu/5/include-fixed" />
            <Add directory="/usr/local/include" />
         </Compiler>
         <MakeCommands>
            <Build command="/usr/bin/make -f &quot;/home/sap/QT\ Project/UrlChecker/build-UrlChecker-Desktop-Debug/Makefile&quot;  VERBOSE=1 UrlChecker/fast" />
            <CompileFile command="/usr/bin/make -f &quot;/home/sap/QT\ Project/UrlChecker/build-UrlChecker-Desktop-Debug/Makefile&quot;  VERBOSE=1 &quot;$file&quot;" />
            <Clean command="/usr/bin/make -f &quot;/home/sap/QT\ Project/UrlChecker/build-UrlChecker-Desktop-Debug/Makefile&quot;  VERBOSE=1 clean" />
            <DistClean command="/usr/bin/make -f &quot;/home/sap/QT\ Project/UrlChecker/build-UrlChecker-Desktop-Debug/Makefile&quot;  VERBOSE=1 clean" />
         </MakeCommands>
      </Target>
      </Build>
      <Unit filename="/home/sap/QT Project/UrlChecker/UrlChecker/headers/controller.hpp">
         <Option target="UrlChecker"/>
      </Unit>
      <Unit filename="/home/sap/QT Project/UrlChecker/UrlChecker/headers/url_parser.hpp">
         <Option target="UrlChecker"/>
      </Unit>
      <Unit filename="/home/sap/QT Project/UrlChecker/UrlChecker/headers/url_wrapper.hpp">
         <Option target="UrlChecker"/>
      </Unit>
      <Unit filename="/home/sap/QT Project/UrlChecker/UrlChecker/src/controller.cpp">
         <Option target="UrlChecker"/>
      </Unit>
      <Unit filename="/home/sap/QT Project/UrlChecker/UrlChecker/src/main.cpp">
         <Option target="UrlChecker"/>
      </Unit>
      <Unit filename="/home/sap/QT Project/UrlChecker/UrlChecker/src/url_parser.cpp">
         <Option target="UrlChecker"/>
      </Unit>
      <Unit filename="/home/sap/QT Project/UrlChecker/UrlChecker/src/url_wrapper.cpp">
         <Option target="UrlChecker"/>
      </Unit>
      <Unit filename="/home/sap/QT Project/UrlChecker/UrlChecker/CMakeLists.txt">
          <Option virtualFolder="CMake Files\" />
      </Unit>
   </Project>
</CodeBlocks_project_file>
